
Microsoft Visual Studio Solution File, Format Version 12.00
Project("{FAE04EC0-301F-11D3-BF4B-00C04F79EFBC}") = "I create my stack", "I create my stack\I create my stack.csproj", "{0D4E4771-9B17-4493-ADF3-38C80D47BC82}"
EndProject
Global
	GlobalSection(SolutionConfigurationPlatforms) = preSolution
		Debug|Any CPU = Debug|Any CPU
		Release|Any CPU = Release|Any CPU
	EndGlobalSection
	GlobalSection(ProjectConfigurationPlatforms) = postSolution
		{0D4E4771-9B17-4493-ADF3-38C80D47BC82}.Debug|Any CPU.ActiveCfg = Debug|Any CPU
		{0D4E4771-9B17-4493-ADF3-38C80D47BC82}.Debug|Any CPU.Build.0 = Debug|Any CPU
		{0D4E4771-9B17-4493-ADF3-38C80D47BC82}.Release|Any CPU.ActiveCfg = Release|Any CPU
		{0D4E4771-9B17-4493-ADF3-38C80D47BC82}.Release|Any CPU.Build.0 = Release|Any CPU
	EndGlobalSection
EndGlobal
